
Microsoft Visual Studio Solution File, Format Version 12.00
# Visual Studio 15
VisualStudioVersion = 15.0.28307.421
MinimumVisualStudioVersion = 10.0.40219.1
Project("{FAE04EC0-301F-11D3-BF4B-00C04F79EFBC}") = "RemoteX.Sketch", "RemoteX.Sketch\RemoteX.Sketch.csproj", "{C571BA70-248A-48EA-A94E-FC460E691D0F}"
EndProject
Project("{FAE04EC0-301F-11D3-BF4B-00C04F79EFBC}") = "RemoteX.Sketch.Behaviour", "RemoteX.Sketch.Behaviour\RemoteX.Sketch.Behaviour.csproj", "{AAD00510-DE4C-401B-9E4F-E4D221978970}"
EndProject
Project("{FAE04EC0-301F-11D3-BF4B-00C04F79EFBC}") = "RemoteX.Sketch.CoreModule", "RemoteX.Sketch.CoreModule\RemoteX.Sketch.CoreModule.csproj", "{A4903DB9-21F2-481A-8BA6-6CAD0B7AA24C}"
EndProject
Project("{FAE04EC0-301F-11D3-BF4B-00C04F79EFBC}") = "RemoteX.Sketch.Skia", "RemoteX.Sketch.Skia\RemoteX.Sketch.Skia.csproj", "{578C262E-47FF-4311-BF9B-03F796E1574A}"
EndProject
Global
	GlobalSection(SolutionConfigurationPlatforms) = preSolution
		Debug|Any CPU = Debug|Any CPU
		Release|Any CPU = Release|Any CPU
	EndGlobalSection
	GlobalSection(ProjectConfigurationPlatforms) = postSolution
		{C571BA70-248A-48EA-A94E-FC460E691D0F}.Debug|Any CPU.ActiveCfg = Debug|Any CPU
		{C571BA70-248A-48EA-A94E-FC460E691D0F}.Debug|Any CPU.Build.0 = Debug|Any CPU
		{C571BA70-248A-48EA-A94E-FC460E691D0F}.Release|Any CPU.ActiveCfg = Release|Any CPU
		{C571BA70-248A-48EA-A94E-FC460E691D0F}.Release|Any CPU.Build.0 = Release|Any CPU
		{AAD00510-DE4C-401B-9E4F-E4D221978970}.Debug|Any CPU.ActiveCfg = Debug|Any CPU
		{AAD00510-DE4C-401B-9E4F-E4D221978970}.Debug|Any CPU.Build.0 = Debug|Any CPU
		{AAD00510-DE4C-401B-9E4F-E4D221978970}.Release|Any CPU.ActiveCfg = Release|Any CPU
		{AAD00510-DE4C-401B-9E4F-E4D221978970}.Release|Any CPU.Build.0 = Release|Any CPU
		{A4903DB9-21F2-481A-8BA6-6CAD0B7AA24C}.Debug|Any CPU.ActiveCfg = Debug|Any CPU
		{A4903DB9-21F2-481A-8BA6-6CAD0B7AA24C}.Debug|Any CPU.Build.0 = Debug|Any CPU
		{A4903DB9-21F2-481A-8BA6-6CAD0B7AA24C}.Release|Any CPU.ActiveCfg = Release|Any CPU
		{A4903DB9-21F2-481A-8BA6-6CAD0B7AA24C}.Release|Any CPU.Build.0 = Release|Any CPU
		{578C262E-47FF-4311-BF9B-03F796E1574A}.Debug|Any CPU.ActiveCfg = Debug|Any CPU
		{578C262E-47FF-4311-BF9B-03F796E1574A}.Debug|Any CPU.Build.0 = Debug|Any CPU
		{578C262E-47FF-4311-BF9B-03F796E1574A}.Release|Any CPU.ActiveCfg = Release|Any CPU
		{578C262E-47FF-4311-BF9B-03F796E1574A}.Release|Any CPU.Build.0 = Release|Any CPU
	EndGlobalSection
	GlobalSection(SolutionProperties) = preSolution
		HideSolutionNode = FALSE
	EndGlobalSection
	GlobalSection(ExtensibilityGlobals) = postSolution
		SolutionGuid = {2A6F5608-86AD-4FEF-9F22-37A243AA044A}
	EndGlobalSection
EndGlobal
